github.com/mattn/go-sqlite3 v1.14.44 h1:3VSe+xafpbzsLbdr2AWlAZk9yRHiBhTBakioXaCKTF8=
github.com/mattn/go-sqlite3 v1.14.44/go.mod h1:pjEuOr8IwzLJP2MfGeTb0A35jauH+C2kbHKBr7yXKVQ=
github.com/russellromney/honker-go v0.0.0-20260502020136-bdbe80df13ef h1:bybjzSEurZyB9O9MiqSC4KkUbYsCMsoHdbPrNRRiBDI=
github.com/russellromney/honker-go v0.0.0-20260502020136-bdbe80df13ef/go.mod h1:h35yDRXZs7ilPsW+9DZAP9Y/KspOapo6D1PqC+hlzTU=
